
Microsoft Visual Studio Solution File, Format Version 12.00
# Visual Studio Version 17
VisualStudioVersion = 17.9.34723.18
MinimumVisualStudioVersion = 10.0.40219.1
Project("{2150E333-8FDC-42A3-9474-1A3956D46DE8}") = "Infrastructures", "Infrastructures", "{22154941-076E-4A6A-A2E6-89CAFAA057B4}"
EndProject
Project("{2150E333-8FDC-42A3-9474-1A3956D46DE8}") = "Applications", "Applications", "{5FEA1C77-859C-470A-A5EE-3C5652E496DE}"
EndProject
Project("{2150E333-8FDC-42A3-9474-1A3956D46DE8}") = "Project", "Project", "{00706DC4-18CB-4EE9-9EB2-00A1DA2BA903}"
EndProject
Project("{9A19103F-16F7-4668-BE54-9A1E7A4F7556}") = "DesignPattern", "Project\DesignPattern\DesignPattern.csproj", "{510BCADC-BC80-41C7-928B-A432B3E3AF28}"
EndProject
Project("{9A19103F-16F7-4668-BE54-9A1E7A4F7556}") = "Infrastructures.Implement", "Infrastructures\Infrastructures.Implement\Infrastructures.Implement.csproj", "{40A98FED-8D06-453F-99CB-D80A24D5699C}"
EndProject
Project("{9A19103F-16F7-4668-BE54-9A1E7A4F7556}") = "DesignPattern.Model", "Project\DesignPattern.Model\DesignPattern.Model.csproj", "{6DF6622B-2FCB-4E6B-8922-4739FB4843C6}"
EndProject
Project("{9A19103F-16F7-4668-BE54-9A1E7A4F7556}") = "Infrastructures.Database", "Infrastructures\Infrastructures.Database\Infrastructures.Database.csproj", "{E6D7EB4D-8131-479E-B612-DA76BD7433DD}"
EndProject
Project("{9A19103F-16F7-4668-BE54-9A1E7A4F7556}") = "Infrastructures.Models", "Infrastructures\Infrastructures.Models\Infrastructures.Models.csproj", "{D0C4E0CC-DB01-4D93-9A23-9154907599A6}"
EndProject
Project("{9A19103F-16F7-4668-BE54-9A1E7A4F7556}") = "Infrastructures.Share", "Infrastructures\Infrastructures.Share\Infrastructures.Share.csproj", "{616D9777-3434-47B2-93BC-4DDFD10EACF9}"
EndProject
Project("{9A19103F-16F7-4668-BE54-9A1E7A4F7556}") = "Applications.Implement", "Applications\Applications.Implement\Applications.Implement.csproj", "{F1C1E0FC-33C3-4DB6-B20C-3CAD59E537C9}"
EndProject
Project("{9A19103F-16F7-4668-BE54-9A1E7A4F7556}") = "Applications.Model", "Applications\Applications.Model\Applications.Model.csproj", "{1C144DB8-1321-401F-9C14-6090A17AA33C}"
EndProject
Global
	GlobalSection(SolutionConfigurationPlatforms) = preSolution
		Debug|Any CPU = Debug|Any CPU
		Release|Any CPU = Release|Any CPU
	EndGlobalSection
	GlobalSection(ProjectConfigurationPlatforms) = postSolution
		{510BCADC-BC80-41C7-928B-A432B3E3AF28}.Debug|Any CPU.ActiveCfg = Debug|Any CPU
		{510BCADC-BC80-41C7-928B-A432B3E3AF28}.Debug|Any CPU.Build.0 = Debug|Any CPU
		{510BCADC-BC80-41C7-928B-A432B3E3AF28}.Release|Any CPU.ActiveCfg = Release|Any CPU
		{510BCADC-BC80-41C7-928B-A432B3E3AF28}.Release|Any CPU.Build.0 = Release|Any CPU
		{40A98FED-8D06-453F-99CB-D80A24D5699C}.Debug|Any CPU.ActiveCfg = Debug|Any CPU
		{40A98FED-8D06-453F-99CB-D80A24D5699C}.Debug|Any CPU.Build.0 = Debug|Any CPU
		{40A98FED-8D06-453F-99CB-D80A24D5699C}.Release|Any CPU.ActiveCfg = Release|Any CPU
		{40A98FED-8D06-453F-99CB-D80A24D5699C}.Release|Any CPU.Build.0 = Release|Any CPU
		{6DF6622B-2FCB-4E6B-8922-4739FB4843C6}.Debug|Any CPU.ActiveCfg = Debug|Any CPU
		{6DF6622B-2FCB-4E6B-8922-4739FB4843C6}.Debug|Any CPU.Build.0 = Debug|Any CPU
		{6DF6622B-2FCB-4E6B-8922-4739FB4843C6}.Release|Any CPU.ActiveCfg = Release|Any CPU
		{6DF6622B-2FCB-4E6B-8922-4739FB4843C6}.Release|Any CPU.Build.0 = Release|Any CPU
		{E6D7EB4D-8131-479E-B612-DA76BD7433DD}.Debug|Any CPU.ActiveCfg = Debug|Any CPU
		{E6D7EB4D-8131-479E-B612-DA76BD7433DD}.Debug|Any CPU.Build.0 = Debug|Any CPU
		{E6D7EB4D-8131-479E-B612-DA76BD7433DD}.Release|Any CPU.ActiveCfg = Release|Any CPU
		{E6D7EB4D-8131-479E-B612-DA76BD7433DD}.Release|Any CPU.Build.0 = Release|Any CPU
		{D0C4E0CC-DB01-4D93-9A23-9154907599A6}.Debug|Any CPU.ActiveCfg = Debug|Any CPU
		{D0C4E0CC-DB01-4D93-9A23-9154907599A6}.Debug|Any CPU.Build.0 = Debug|Any CPU
		{D0C4E0CC-DB01-4D93-9A23-9154907599A6}.Release|Any CPU.ActiveCfg = Release|Any CPU
		{D0C4E0CC-DB01-4D93-9A23-9154907599A6}.Release|Any CPU.Build.0 = Release|Any CPU
		{616D9777-3434-47B2-93BC-4DDFD10EACF9}.Debug|Any CPU.ActiveCfg = Debug|Any CPU
		{616D9777-3434-47B2-93BC-4DDFD10EACF9}.Debug|Any CPU.Build.0 = Debug|Any CPU
		{616D9777-3434-47B2-93BC-4DDFD10EACF9}.Release|Any CPU.ActiveCfg = Release|Any CPU
		{616D9777-3434-47B2-93BC-4DDFD10EACF9}.Release|Any CPU.Build.0 = Release|Any CPU
		{F1C1E0FC-33C3-4DB6-B20C-3CAD59E537C9}.Debug|Any CPU.ActiveCfg = Debug|Any CPU
		{F1C1E0FC-33C3-4DB6-B20C-3CAD59E537C9}.Debug|Any CPU.Build.0 = Debug|Any CPU
		{F1C1E0FC-33C3-4DB6-B20C-3CAD59E537C9}.Release|Any CPU.ActiveCfg = Release|Any CPU
		{F1C1E0FC-33C3-4DB6-B20C-3CAD59E537C9}.Release|Any CPU.Build.0 = Release|Any CPU
		{1C144DB8-1321-401F-9C14-6090A17AA33C}.Debug|Any CPU.ActiveCfg = Debug|Any CPU
		{1C144DB8-1321-401F-9C14-6090A17AA33C}.Debug|Any CPU.Build.0 = Debug|Any CPU
		{1C144DB8-1321-401F-9C14-6090A17AA33C}.Release|Any CPU.ActiveCfg = Release|Any CPU
		{1C144DB8-1321-401F-9C14-6090A17AA33C}.Release|Any CPU.Build.0 = Release|Any CPU
	EndGlobalSection
	GlobalSection(SolutionProperties) = preSolution
		HideSolutionNode = FALSE
	EndGlobalSection
	GlobalSection(NestedProjects) = preSolution
		{510BCADC-BC80-41C7-928B-A432B3E3AF28} = {00706DC4-18CB-4EE9-9EB2-00A1DA2BA903}
		{40A98FED-8D06-453F-99CB-D80A24D5699C} = {22154941-076E-4A6A-A2E6-89CAFAA057B4}
		{6DF6622B-2FCB-4E6B-8922-4739FB4843C6} = {00706DC4-18CB-4EE9-9EB2-00A1DA2BA903}
		{E6D7EB4D-8131-479E-B612-DA76BD7433DD} = {22154941-076E-4A6A-A2E6-89CAFAA057B4}
		{D0C4E0CC-DB01-4D93-9A23-9154907599A6} = {22154941-076E-4A6A-A2E6-89CAFAA057B4}
		{616D9777-3434-47B2-93BC-4DDFD10EACF9} = {22154941-076E-4A6A-A2E6-89CAFAA057B4}
		{F1C1E0FC-33C3-4DB6-B20C-3CAD59E537C9} = {5FEA1C77-859C-470A-A5EE-3C5652E496DE}
		{1C144DB8-1321-401F-9C14-6090A17AA33C} = {5FEA1C77-859C-470A-A5EE-3C5652E496DE}
	EndGlobalSection
	GlobalSection(ExtensibilityGlobals) = postSolution
		SolutionGuid = {D38419B7-1FCE-49CE-A204-CC59EFEBB3C0}
	EndGlobalSection
EndGlobal
